
Microsoft Visual Studio Solution File, Format Version 12.00
# Visual Studio Version 16
VisualStudioVersion = 16.0.31729.503
MinimumVisualStudioVersion = 10.0.40219.1
Project("{9A19103F-16F7-4668-BE54-9A1E7A4F7556}") = "GameApi", "GameApi\GameApi.csproj", "{535C7A0A-F74B-47E4-8778-32DBCFC9FCEF}"
EndProject
Project("{9A19103F-16F7-4668-BE54-9A1E7A4F7556}") = "CharactersLib", "CharactersLib\CharactersLib.csproj", "{1CC75370-11EA-4E1D-A2CA-51EBF9434E2F}"
EndProject
Project("{9A19103F-16F7-4668-BE54-9A1E7A4F7556}") = "GameLib", "GameLib\GameLib.csproj", "{DDC97D83-2B54-419D-9188-6F5A5BAAA752}"
EndProject
Global
	GlobalSection(SolutionConfigurationPlatforms) = preSolution
		Debug|Any CPU = Debug|Any CPU
		Release|Any CPU = Release|Any CPU
	EndGlobalSection
	GlobalSection(ProjectConfigurationPlatforms) = postSolution
		{535C7A0A-F74B-47E4-8778-32DBCFC9FCEF}.Debug|Any CPU.ActiveCfg = Debug|Any CPU
		{535C7A0A-F74B-47E4-8778-32DBCFC9FCEF}.Debug|Any CPU.Build.0 = Debug|Any CPU
		{535C7A0A-F74B-47E4-8778-32DBCFC9FCEF}.Release|Any CPU.ActiveCfg = Release|Any CPU
		{535C7A0A-F74B-47E4-8778-32DBCFC9FCEF}.Release|Any CPU.Build.0 = Release|Any CPU
		{1CC75370-11EA-4E1D-A2CA-51EBF9434E2F}.Debug|Any CPU.ActiveCfg = Debug|Any CPU
		{1CC75370-11EA-4E1D-A2CA-51EBF9434E2F}.Debug|Any CPU.Build.0 = Debug|Any CPU
		{1CC75370-11EA-4E1D-A2CA-51EBF9434E2F}.Release|Any CPU.ActiveCfg = Release|Any CPU
		{1CC75370-11EA-4E1D-A2CA-51EBF9434E2F}.Release|Any CPU.Build.0 = Release|Any CPU
		{DDC97D83-2B54-419D-9188-6F5A5BAAA752}.Debug|Any CPU.ActiveCfg = Debug|Any CPU
		{DDC97D83-2B54-419D-9188-6F5A5BAAA752}.Debug|Any CPU.Build.0 = Debug|Any CPU
		{DDC97D83-2B54-419D-9188-6F5A5BAAA752}.Release|Any CPU.ActiveCfg = Release|Any CPU
		{DDC97D83-2B54-419D-9188-6F5A5BAAA752}.Release|Any CPU.Build.0 = Release|Any CPU
	EndGlobalSection
	GlobalSection(SolutionProperties) = preSolution
		HideSolutionNode = FALSE
	EndGlobalSection
	GlobalSection(ExtensibilityGlobals) = postSolution
		SolutionGuid = {2666E0E3-B534-417E-8350-42CE5CFF3BE1}
	EndGlobalSection
EndGlobal
